
Microsoft Visual Studio Solution File, Format Version 12.00
# Visual Studio Version 16
VisualStudioVersion = 16.0.29613.14
MinimumVisualStudioVersion = 10.0.40219.1
Project("{9A19103F-16F7-4668-BE54-9A1E7A4F7556}") = "AsyncHelper", "AsyncHelper\AsyncHelper.csproj", "{15886A86-037A-4F52-AE5E-1949F38D8DDE}"
EndProject
Project("{FAE04EC0-301F-11D3-BF4B-00C04F79EFBC}") = "AsyncHelperTests", "AsyncHelperTests\AsyncHelperTests.csproj", "{EE440A35-DBEF-42A0-B599-94CF3D52CEC7}"
EndProject
Global
	GlobalSection(SolutionConfigurationPlatforms) = preSolution
		Debug|Any CPU = Debug|Any CPU
		Release|Any CPU = Release|Any CPU
	EndGlobalSection
	GlobalSection(ProjectConfigurationPlatforms) = postSolution
		{15886A86-037A-4F52-AE5E-1949F38D8DDE}.Debug|Any CPU.ActiveCfg = Debug|Any CPU
		{15886A86-037A-4F52-AE5E-1949F38D8DDE}.Debug|Any CPU.Build.0 = Debug|Any CPU
		{15886A86-037A-4F52-AE5E-1949F38D8DDE}.Release|Any CPU.ActiveCfg = Release|Any CPU
		{15886A86-037A-4F52-AE5E-1949F38D8DDE}.Release|Any CPU.Build.0 = Release|Any CPU
		{EE440A35-DBEF-42A0-B599-94CF3D52CEC7}.Debug|Any CPU.ActiveCfg = Debug|Any CPU
		{EE440A35-DBEF-42A0-B599-94CF3D52CEC7}.Debug|Any CPU.Build.0 = Debug|Any CPU
		{EE440A35-DBEF-42A0-B599-94CF3D52CEC7}.Release|Any CPU.ActiveCfg = Release|Any CPU
		{EE440A35-DBEF-42A0-B599-94CF3D52CEC7}.Release|Any CPU.Build.0 = Release|Any CPU
	EndGlobalSection
	GlobalSection(SolutionProperties) = preSolution
		HideSolutionNode = FALSE
	EndGlobalSection
	GlobalSection(ExtensibilityGlobals) = postSolution
		SolutionGuid = {D0CA7D1E-B36A-4B52-B020-3A828AAD3E93}
	EndGlobalSection
EndGlobal
